
Microsoft Visual Studio Solution File, Format Version 12.00
# Visual Studio Version 17
VisualStudioVersion = 17.3.32825.248
MinimumVisualStudioVersion = 10.0.40219.1
Project("{FAE04EC0-301F-11D3-BF4B-00C04F79EFBC}") = "ComercioWeb", "ComercioWeb\ComercioWeb.csproj", "{7ACB7CC4-C33D-48BE-B8E7-560A5E8A4B72}"
EndProject
Global
	GlobalSection(SolutionConfigurationPlatforms) = preSolution
		Debug|Any CPU = Debug|Any CPU
		Release|Any CPU = Release|Any CPU
	EndGlobalSection
	GlobalSection(ProjectConfigurationPlatforms) = postSolution
		{7ACB7CC4-C33D-48BE-B8E7-560A5E8A4B72}.Debug|Any CPU.ActiveCfg = Debug|Any CPU
		{7ACB7CC4-C33D-48BE-B8E7-560A5E8A4B72}.Debug|Any CPU.Build.0 = Debug|Any CPU
		{7ACB7CC4-C33D-48BE-B8E7-560A5E8A4B72}.Release|Any CPU.ActiveCfg = Release|Any CPU
		{7ACB7CC4-C33D-48BE-B8E7-560A5E8A4B72}.Release|Any CPU.Build.0 = Release|Any CPU
	EndGlobalSection
	GlobalSection(SolutionProperties) = preSolution
		HideSolutionNode = FALSE
	EndGlobalSection
	GlobalSection(ExtensibilityGlobals) = postSolution
		SolutionGuid = {602FBBA0-5D04-4A66-BFF8-D21DEA753865}
	EndGlobalSection
EndGlobal
